<?xml version="1.0" encoding="utf-8"?>
<Project ToolsVersion="4.0" xmlns="http://schemas.microsoft.com/developer/msbuild/2003">
  <ItemGroup>
    <Filter Include="Source Files">
      <UniqueIdentifier>{4FC737F1-C7A5-4376-A066-2A32D752A2FF}</UniqueIdentifier>
      <Extensions>cpp;c;cc;cxx;c++;cppm;ixx;def;odl;idl;hpj;bat;asm;asmx</Extensions>
    </Filter>
    <Filter Include="Header Files">
      <UniqueIdentifier>{93995380-89BD-4b04-88EB-625FBE52EBFB}</UniqueIdentifier>
      <Extensions>h;hh;hpp;hxx;h++;hm;inl;inc;ipp;xsd</Extensions>
    </Filter>
    <Filter Include="Resource Files">
      <UniqueIdentifier>{67DA6AB6-F800-4c08-8B7A-83BB121AAD01}</UniqueIdentifier>
      <Extensions>rc;ico;cur;bmp;dlg;rc2;rct;bin;rgs;gif;jpg;jpeg;jpe;resx;tiff;tif;png;wav;mfcribbon-ms</Extensions>
    </Filter>
  </ItemGroup>
  <ItemGroup>
    <ClInclude Include="framework.h">
      <Filter>Header Files</Filter>
    </ClInclude>
    <ClInclude Include="pch.h">
      <Filter>Header Files</Filter>
    </ClInclude>
    <ClInclude Include="Day07\Directory.h">
      <Filter>Header Files</Filter>
    </ClInclude>
    <ClInclude Include="Day08\TreeMapper.h">
      <Filter>Header Files</Filter>
    </ClInclude>
    <ClInclude Include="Day01\CalorieCounting.h">
      <Filter>Header Files</Filter>
    </ClInclude>
    <ClInclude Include="Day04\PairOverlap.h">
      <Filter>Header Files</Filter>
    </ClInclude>
    <ClInclude Include="Day02\RockPaperScissors.h">
      <Filter>Header Files</Filter>
    </ClInclude>
    <ClInclude Include="Day03\Rucksack.h">
      <Filter>Header Files</Filter>
    </ClInclude>
    <ClInclude Include="Day05\SupplyStacks.h">
      <Filter>Header Files</Filter>
    </ClInclude>
    <ClInclude Include="Day06\TuningTrouble.h">
      <Filter>Header Files</Filter>
    </ClInclude>
    <ClInclude Include="Day09\RopeBridge.h">
      <Filter>Header Files</Filter>
    </ClInclude>
    <ClInclude Include="Day10\CathodeRayTube.h">
      <Filter>Header Files</Filter>
    </ClInclude>
    <ClInclude Include="Day11\MonkeyStateMachine.h">
      <Filter>Header Files</Filter>
    </ClInclude>
    <ClInclude Include="Day12\HillClimbing.h">
      <Filter>Header Files</Filter>
    </ClInclude>
    <ClInclude Include="Day13\PacketParser.h">
      <Filter>Header Files</Filter>
    </ClInclude>
    <ClInclude Include="Day14\Regolith.h">
      <Filter>Header Files</Filter>
    </ClInclude>
    <ClInclude Include="Beacon.h">
      <Filter>Header Files</Filter>
    </ClInclude>
    <ClInclude Include="Day15\Beacon.h">
      <Filter>Header Files</Filter>
    </ClInclude>
  </ItemGroup>
  <ItemGroup>
    <ClCompile Include="dllmain.cpp">
      <Filter>Source Files</Filter>
    </ClCompile>
    <ClCompile Include="pch.cpp">
      <Filter>Source Files</Filter>
    </ClCompile>
    <ClCompile Include="Day07\Directory.cpp">
      <Filter>Source Files</Filter>
    </ClCompile>
    <ClCompile Include="Day01\CalorieCounting.cpp">
      <Filter>Source Files</Filter>
    </ClCompile>
    <ClCompile Include="Day04\PairOverlap.cpp">
      <Filter>Source Files</Filter>
    </ClCompile>
    <ClCompile Include="Day02\RockPaperScissors.cpp">
      <Filter>Source Files</Filter>
    </ClCompile>
    <ClCompile Include="Day03\Rucksack.cpp">
      <Filter>Source Files</Filter>
    </ClCompile>
    <ClCompile Include="Day05\SupplyStacks.cpp">
      <Filter>Source Files</Filter>
    </ClCompile>
    <ClCompile Include="Day06\TuningTrouble.cpp">
      <Filter>Source Files</Filter>
    </ClCompile>
    <ClCompile Include="Day09\RopeBridge.cpp">
      <Filter>Source Files</Filter>
    </ClCompile>
    <ClCompile Include="Day10\CathodeRayTube.cpp">
      <Filter>Source Files</Filter>
    </ClCompile>
    <ClCompile Include="Day11\MonkeyStateMachine.cpp">
      <Filter>Source Files</Filter>
    </ClCompile>
    <ClCompile Include="Day12\HillClimbing.cpp">
      <Filter>Source Files</Filter>
    </ClCompile>
    <ClCompile Include="Day13\PacketParser.cpp">
      <Filter>Source Files</Filter>
    </ClCompile>
    <ClCompile Include="Day14\Regolith.cpp">
      <Filter>Source Files</Filter>
    </ClCompile>
    <ClCompile Include="Day15\Beacon.cpp">
      <Filter>Source Files</Filter>
    </ClCompile>
  </ItemGroup>
</Project>